// !$*UTF8*$!
{
	archiveVersion = 1;
	classes = {
	};
	objectVersion = 46;
	objects = {

/* Begin PBXBuildFile section */
		94932BB37D004C3E8672A120 /* libPods.a in Frameworks */ = {isa = PBXBuildFile; fileRef = 9E442C4CC0C54207BC03470A /* libPods.a */; };
		EA6910A819A4F15B006D30B9 /* Images.xcassets in Resources */ = {isa = PBXBuildFile; fileRef = EA6910A119A4F15B006D30B9 /* Images.xcassets */; };
		EA6910A919A4F15B006D30B9 /* MJRemoteNSLog.m in Sources */ = {isa = PBXBuildFile; fileRef = EA6910A419A4F15B006D30B9 /* MJRemoteNSLog.m */; };
		EA6910AA19A4F15B006D30B9 /* ViewController.m in Sources */ = {isa = PBXBuildFile; fileRef = EA6910A719A4F15B006D30B9 /* ViewController.m */; };
		EABF9B8819A4ECF50069855B /* Foundation.framework in Frameworks */ = {isa = PBXBuildFile; fileRef = EABF9B8719A4ECF50069855B /* Foundation.framework */; };
		EABF9B8A19A4ECF50069855B /* CoreGraphics.framework in Frameworks */ = {isa = PBXBuildFile; fileRef = EABF9B8919A4ECF50069855B /* CoreGraphics.framework */; };
		EABF9B8C19A4ECF50069855B /* UIKit.framework in Frameworks */ = {isa = PBXBuildFile; fileRef = EABF9B8B19A4ECF50069855B /* UIKit.framework */; };
		EABF9B9219A4ECF50069855B /* InfoPlist.strings in Resources */ = {isa = PBXBuildFile; fileRef = EABF9B9019A4ECF50069855B /* InfoPlist.strings */; };
		EABF9B9419A4ECF50069855B /* main.m in Sources */ = {isa = PBXBuildFile; fileRef = EABF9B9319A4ECF50069855B /* main.m */; };
		EABF9B9819A4ECF50069855B /* AppDelegate.m in Sources */ = {isa = PBXBuildFile; fileRef = EABF9B9719A4ECF50069855B /* AppDelegate.m */; };
		EABF9B9B19A4ECF50069855B /* Main_iPhone.storyboard in Resources */ = {isa = PBXBuildFile; fileRef = EABF9B9919A4ECF50069855B /* Main_iPhone.storyboard */; };
		EABF9B9E19A4ECF50069855B /* Main_iPad.storyboard in Resources */ = {isa = PBXBuildFile; fileRef = EABF9B9C19A4ECF50069855B /* Main_iPad.storyboard */; };
/* End PBXBuildFile section */

/* Begin PBXFileReference section */
		6A5AE96C8A0E4996AD7B28AD /* Pods.xcconfig */ = {isa = PBXFileReference; includeInIndex = 1; lastKnownFileType = text.xcconfig; name = Pods.xcconfig; path = Pods/Pods.xcconfig; sourceTree = "<group>"; };
		9E442C4CC0C54207BC03470A /* libPods.a */ = {isa = PBXFileReference; explicitFileType = archive.ar; includeInIndex = 0; path = libPods.a; sourceTree = BUILT_PRODUCTS_DIR; };
		EA6910A119A4F15B006D30B9 /* Images.xcassets */ = {isa = PBXFileReference; lastKnownFileType = folder.assetcatalog; path = Images.xcassets; sourceTree = "<group>"; };
		EA6910A319A4F15B006D30B9 /* MJRemoteNSLog.h */ = {isa = PBXFileReference; fileEncoding = 4; lastKnownFileType = sourcecode.c.h; path = MJRemoteNSLog.h; sourceTree = "<group>"; };
		EA6910A419A4F15B006D30B9 /* MJRemoteNSLog.m */ = {isa = PBXFileReference; fileEncoding = 4; lastKnownFileType = sourcecode.c.objc; path = MJRemoteNSLog.m; sourceTree = "<group>"; };
		EA6910A619A4F15B006D30B9 /* ViewController.h */ = {isa = PBXFileReference; fileEncoding = 4; lastKnownFileType = sourcecode.c.h; path = ViewController.h; sourceTree = "<group>"; };
		EA6910A719A4F15B006D30B9 /* ViewController.m */ = {isa = PBXFileReference; fileEncoding = 4; lastKnownFileType = sourcecode.c.objc; path = ViewController.m; sourceTree = "<group>"; };
		EABF9B8419A4ECF50069855B /* MJRemoteNSLog.app */ = {isa = PBXFileReference; explicitFileType = wrapper.application; includeInIndex = 0; path = MJRemoteNSLog.app; sourceTree = BUILT_PRODUCTS_DIR; };
		EABF9B8719A4ECF50069855B /* Foundation.framework */ = {isa = PBXFileReference; lastKnownFileType = wrapper.framework; name = Foundation.framework; path = System/Library/Frameworks/Foundation.framework; sourceTree = SDKROOT; };
		EABF9B8919A4ECF50069855B /* CoreGraphics.framework */ = {isa = PBXFileReference; lastKnownFileType = wrapper.framework; name = CoreGraphics.framework; path = System/Library/Frameworks/CoreGraphics.framework; sourceTree = SDKROOT; };
		EABF9B8B19A4ECF50069855B /* UIKit.framework */ = {isa = PBXFileReference; lastKnownFileType = wrapper.framework; name = UIKit.framework; path = System/Library/Frameworks/UIKit.framework; sourceTree = SDKROOT; };
		EABF9B8F19A4ECF50069855B /* MJRemoteNSLog-Info.plist */ = {isa = PBXFileReference; lastKnownFileType = text.plist.xml; path = "MJRemoteNSLog-Info.plist"; sourceTree = "<group>"; };
		EABF9B9119A4ECF50069855B /* en */ = {isa = PBXFileReference; lastKnownFileType = text.plist.strings; name = en; path = en.lproj/InfoPlist.strings; sourceTree = "<group>"; };
		EABF9B9319A4ECF50069855B /* main.m */ = {isa = PBXFileReference; lastKnownFileType = sourcecode.c.objc; path = main.m; sourceTree = "<group>"; };
		EABF9B9519A4ECF50069855B /* MJRemoteNSLog-Prefix.pch */ = {isa = PBXFileReference; lastKnownFileType = sourcecode.c.h; path = "MJRemoteNSLog-Prefix.pch"; sourceTree = "<group>"; };
		EABF9B9619A4ECF50069855B /* AppDelegate.h */ = {isa = PBXFileReference; lastKnownFileType = sourcecode.c.h; path = AppDelegate.h; sourceTree = "<group>"; };
		EABF9B9719A4ECF50069855B /* AppDelegate.m */ = {isa = PBXFileReference; lastKnownFileType = sourcecode.c.objc; path = AppDelegate.m; sourceTree = "<group>"; };
		EABF9B9A19A4ECF50069855B /* Base */ = {isa = PBXFileReference; lastKnownFileType = file.storyboard; name = Base; path = Base.lproj/Main_iPhone.storyboard; sourceTree = "<group>"; };
		EABF9B9D19A4ECF50069855B /* Base */ = {isa = PBXFileReference; lastKnownFileType = file.storyboard; name = Base; path = Base.lproj/Main_iPad.storyboard; sourceTree = "<group>"; };
		EABF9BA919A4ECF50069855B /* XCTest.framework */ = {isa = PBXFileReference; lastKnownFileType = wrapper.framework; name = XCTest.framework; path = Library/Frameworks/XCTest.framework; sourceTree = DEVELOPER_DIR; };
/* End PBXFileReference section */

/* Begin PBXFrameworksBuildPhase section */
		EABF9B8119A4ECF50069855B /* Frameworks */ = {
			isa = PBXFrameworksBuildPhase;
			buildActionMask = 2147483647;
			files = (
				EABF9B8A19A4ECF50069855B /* CoreGraphics.framework in Frameworks */,
				EABF9B8C19A4ECF50069855B /* UIKit.framework in Frameworks */,
				EABF9B8819A4ECF50069855B /* Foundation.framework in Frameworks */,
				94932BB37D004C3E8672A120 /* libPods.a in Frameworks */,
			);
			runOnlyForDeploymentPostprocessing = 0;
		};
/* End PBXFrameworksBuildPhase section */

/* Begin PBXGroup section */
		EA6910A019A4F15B006D30B9 /* Resources */ = {
			isa = PBXGroup;
			children = (
				EA6910A119A4F15B006D30B9 /* Images.xcassets */,
			);
			path = Resources;
			sourceTree = "<group>";
		};
		EA6910A219A4F15B006D30B9 /* Classes */ = {
			isa = PBXGroup;
			children = (
				EA6910A319A4F15B006D30B9 /* MJRemoteNSLog.h */,
				EA6910A419A4F15B006D30B9 /* MJRemoteNSLog.m */,
			);
			path = Classes;
			sourceTree = "<group>";
		};
		EA6910A519A4F15B006D30B9 /* Controller */ = {
			isa = PBXGroup;
			children = (
				EA6910A619A4F15B006D30B9 /* ViewController.h */,
				EA6910A719A4F15B006D30B9 /* ViewController.m */,
			);
			path = Controller;
			sourceTree = "<group>";
		};
		EABF9B7B19A4ECF50069855B = {
			isa = PBXGroup;
			children = (
				EABF9B8D19A4ECF50069855B /* MJRemoteNSLog */,
				EABF9B8619A4ECF50069855B /* Frameworks */,
				EABF9B8519A4ECF50069855B /* Products */,
				6A5AE96C8A0E4996AD7B28AD /* Pods.xcconfig */,
			);
			sourceTree = "<group>";
		};
		EABF9B8519A4ECF50069855B /* Products */ = {
			isa = PBXGroup;
			children = (
				EABF9B8419A4ECF50069855B /* MJRemoteNSLog.app */,
			);
			name = Products;
			sourceTree = "<group>";
		};
		EABF9B8619A4ECF50069855B /* Frameworks */ = {
			isa = PBXGroup;
			children = (
				EABF9B8719A4ECF50069855B /* Foundation.framework */,
				EABF9B8919A4ECF50069855B /* CoreGraphics.framework */,
				EABF9B8B19A4ECF50069855B /* UIKit.framework */,
				EABF9BA919A4ECF50069855B /* XCTest.framework */,
				9E442C4CC0C54207BC03470A /* libPods.a */,
			);
			name = Frameworks;
			sourceTree = "<group>";
		};
		EABF9B8D19A4ECF50069855B /* MJRemoteNSLog */ = {
			isa = PBXGroup;
			children = (
				EA6910A219A4F15B006D30B9 /* Classes */,
				EA6910A519A4F15B006D30B9 /* Controller */,
				EABF9B8E19A4ECF50069855B /* Supporting Files */,
				EA6910A019A4F15B006D30B9 /* Resources */,
				EABF9B9619A4ECF50069855B /* AppDelegate.h */,
				EABF9B9719A4ECF50069855B /* AppDelegate.m */,
				EABF9B9919A4ECF50069855B /* Main_iPhone.storyboard */,
				EABF9B9C19A4ECF50069855B /* Main_iPad.storyboard */,
			);
			path = MJRemoteNSLog;
			sourceTree = "<group>";
		};
		EABF9B8E19A4ECF50069855B /* Supporting Files */ = {
			isa = PBXGroup;
			children = (
				EABF9B8F19A4ECF50069855B /* MJRemoteNSLog-Info.plist */,
				EABF9B9019A4ECF50069855B /* InfoPlist.strings */,
				EABF9B9319A4ECF50069855B /* main.m */,
				EABF9B9519A4ECF50069855B /* MJRemoteNSLog-Prefix.pch */,
			);
			name = "Supporting Files";
			sourceTree = "<group>";
		};
/* End PBXGroup section */

/* Begin PBXNativeTarget section */
		EABF9B8319A4ECF50069855B /* MJRemoteNSLog */ = {
			isa = PBXNativeTarget;
			buildConfigurationList = EABF9BB919A4ECF60069855B /* Build configuration list for PBXNativeTarget "MJRemoteNSLog" */;
			buildPhases = (
				BC04211D39644C878B5F56AA /* Check Pods Manifest.lock */,
				EABF9B8019A4ECF50069855B /* Sources */,
				EABF9B8119A4ECF50069855B /* Frameworks */,
				EABF9B8219A4ECF50069855B /* Resources */,
				F08C8EBF66814E39A6F41E23 /* Copy Pods Resources */,
			);
			buildRules = (
			);
			dependencies = (
			);
			name = MJRemoteNSLog;
			productName = MJRemoteNSLog;
			productReference = EABF9B8419A4ECF50069855B /* MJRemoteNSLog.app */;
			productType = "com.apple.product-type.application";
		};
/* End PBXNativeTarget section */

/* Begin PBXProject section */
		EABF9B7C19A4ECF50069855B /* Project object */ = {
			isa = PBXProject;
			attributes = {
				LastUpgradeCheck = 0510;
			};
			buildConfigurationList = EABF9B7F19A4ECF50069855B /* Build configuration list for PBXProject "MJRemoteNSLog" */;
			compatibilityVersion = "Xcode 3.2";
			developmentRegion = English;
			hasScannedForEncodings = 0;
			knownRegions = (
				en,
				Base,
			);
			mainGroup = EABF9B7B19A4ECF50069855B;
			productRefGroup = EABF9B8519A4ECF50069855B /* Products */;
			projectDirPath = "";
			projectRoot = "";
			targets = (
				EABF9B8319A4ECF50069855B /* MJRemoteNSLog */,
			);
		};
/* End PBXProject section */

/* Begin PBXResourcesBuildPhase section */
		EABF9B8219A4ECF50069855B /* Resources */ = {
			isa = PBXResourcesBuildPhase;
			buildActionMask = 2147483647;
			files = (
				EABF9B9E19A4ECF50069855B /* Main_iPad.storyboard in Resources */,
				EA6910A819A4F15B006D30B9 /* Images.xcassets in Resources */,
				EABF9B9B19A4ECF50069855B /* Main_iPhone.storyboard in Resources */,
				EABF9B9219A4ECF50069855B /* InfoPlist.strings in Resources */,
			);
			runOnlyForDeploymentPostprocessing = 0;
		};
/* End PBXResourcesBuildPhase section */

/* Begin PBXShellScriptBuildPhase section */
		BC04211D39644C878B5F56AA /* Check Pods Manifest.lock */ = {
			isa = PBXShellScriptBuildPhase;
			buildActionMask = 2147483647;
			files = (
			);
			inputPaths = (
			);
			name = "Check Pods Manifest.lock";
			outputPaths = (
			);
			runOnlyForDeploymentPostprocessing = 0;
			shellPath = /bin/sh;
			shellScript = "diff \"${PODS_ROOT}/../Podfile.lock\" \"${PODS_ROOT}/Manifest.lock\" > /dev/null\nif [[ $? != 0 ]] ; then\n    cat << EOM\nerror: The sandbox is not in sync with the Podfile.lock. Run 'pod install' or update your CocoaPods installation.\nEOM\n    exit 1\nfi\n";
			showEnvVarsInLog = 0;
		};
		F08C8EBF66814E39A6F41E23 /* Copy Pods Resources */ = {
			isa = PBXShellScriptBuildPhase;
			buildActionMask = 2147483647;
			files = (
			);
			inputPaths = (
			);
			name = "Copy Pods Resources";
			outputPaths = (
			);
			runOnlyForDeploymentPostprocessing = 0;
			shellPath = /bin/sh;
			shellScript = "\"${SRCROOT}/Pods/Pods-resources.sh\"\n";
			showEnvVarsInLog = 0;
		};
/* End PBXShellScriptBuildPhase section */

/* Begin PBXSourcesBuildPhase section */
		EABF9B8019A4ECF50069855B /* Sources */ = {
			isa = PBXSourcesBuildPhase;
			buildActionMask = 2147483647;
			files = (
				EA6910A919A4F15B006D30B9 /* MJRemoteNSLog.m in Sources */,
				EABF9B9819A4ECF50069855B /* AppDelegate.m in Sources */,
				EA6910AA19A4F15B006D30B9 /* ViewController.m in Sources */,
				EABF9B9419A4ECF50069855B /* main.m in Sources */,
			);
			runOnlyForDeploymentPostprocessing = 0;
		};
/* End PBXSourcesBuildPhase section */

/* Begin PBXVariantGroup section */
		EABF9B9019A4ECF50069855B /* InfoPlist.strings */ = {
			isa = PBXVariantGroup;
			children = (
				EABF9B9119A4ECF50069855B /* en */,
			);
			name = InfoPlist.strings;
			sourceTree = "<group>";
		};
		EABF9B9919A4ECF50069855B /* Main_iPhone.storyboard */ = {
			isa = PBXVariantGroup;
			children = (
				EABF9B9A19A4ECF50069855B /* Base */,
			);
			name = Main_iPhone.storyboard;
			sourceTree = "<group>";
		};
		EABF9B9C19A4ECF50069855B /* Main_iPad.storyboard */ = {
			isa = PBXVariantGroup;
			children = (
				EABF9B9D19A4ECF50069855B /* Base */,
			);
			name = Main_iPad.storyboard;
			sourceTree = "<group>";
		};
/* End PBXVariantGroup section */

/* Begin XCBuildConfiguration section */
		EABF9BB719A4ECF60069855B /* Debug */ = {
			isa = XCBuildConfiguration;
			buildSettings = {
				ALWAYS_SEARCH_USER_PATHS = NO;
				CLANG_CXX_LANGUAGE_STANDARD = "gnu++0x";
				CLANG_CXX_LIBRARY = "libc++";
				CLANG_ENABLE_MODULES = YES;
				CLANG_ENABLE_OBJC_ARC = YES;
				CLANG_WARN_BOOL_CONVERSION = YES;
				CLANG_WARN_CONSTANT_CONVERSION = YES;
				CLANG_WARN_DIRECT_OBJC_ISA_USAGE = YES_ERROR;
				CLANG_WARN_EMPTY_BODY = YES;
				CLANG_WARN_ENUM_CONVERSION = YES;
				CLANG_WARN_INT_CONVERSION = YES;
				CLANG_WARN_OBJC_ROOT_CLASS = YES_ERROR;
				CLANG_WARN__DUPLICATE_METHOD_MATCH = YES;
				"CODE_SIGN_IDENTITY[sdk=iphoneos*]" = "iPhone Developer";
				COPY_PHASE_STRIP = NO;
				GCC_C_LANGUAGE_STANDARD = gnu99;
				GCC_DYNAMIC_NO_PIC = NO;
				GCC_OPTIMIZATION_LEVEL = 0;
				GCC_PREPROCESSOR_DEFINITIONS = (
					"DEBUG=1",
					"$(inherited)",
				);
				GCC_SYMBOLS_PRIVATE_EXTERN = NO;
				GCC_WARN_64_TO_32_BIT_CONVERSION = YES;
				GCC_WARN_ABOUT_RETURN_TYPE = YES_ERROR;
				GCC_WARN_UNDECLARED_SELECTOR = YES;
				GCC_WARN_UNINITIALIZED_AUTOS = YES_AGGRESSIVE;
				GCC_WARN_UNUSED_FUNCTION = YES;
				GCC_WARN_UNUSED_VARIABLE = YES;
				IPHONEOS_DEPLOYMENT_TARGET = 7.1;
				ONLY_ACTIVE_ARCH = YES;
				SDKROOT = iphoneos;
				TARGETED_DEVICE_FAMILY = "1,2";
			};
			name = Debug;
		};
		EABF9BB819A4ECF60069855B /* Release */ = {
			isa = XCBuildConfiguration;
			buildSettings = {
				ALWAYS_SEARCH_USER_PATHS = NO;
				CLANG_CXX_LANGUAGE_STANDARD = "gnu++0x";
				CLANG_CXX_LIBRARY = "libc++";
				CLANG_ENABLE_MODULES = YES;
				CLANG_ENABLE_OBJC_ARC = YES;
				CLANG_WARN_BOOL_CONVERSION = YES;
				CLANG_WARN_CONSTANT_CONVERSION = YES;
				CLANG_WARN_DIRECT_OBJC_ISA_USAGE = YES_ERROR;
				CLANG_WARN_EMPTY_BODY = YES;
				CLANG_WARN_ENUM_CONVERSION = YES;
				CLANG_WARN_INT_CONVERSION = YES;
				CLANG_WARN_OBJC_ROOT_CLASS = YES_ERROR;
				CLANG_WARN__DUPLICATE_METHOD_MATCH = YES;
				"CODE_SIGN_IDENTITY[sdk=iphoneos*]" = "iPhone Developer";
				COPY_PHASE_STRIP = YES;
				ENABLE_NS_ASSERTIONS = NO;
				GCC_C_LANGUAGE_STANDARD = gnu99;
				GCC_WARN_64_TO_32_BIT_CONVERSION = YES;
				GCC_WARN_ABOUT_RETURN_TYPE = YES_ERROR;
				GCC_WARN_UNDECLARED_SELECTOR = YES;
				GCC_WARN_UNINITIALIZED_AUTOS = YES_AGGRESSIVE;
				GCC_WARN_UNUSED_FUNCTION = YES;
				GCC_WARN_UNUSED_VARIABLE = YES;
				IPHONEOS_DEPLOYMENT_TARGET = 7.1;
				SDKROOT = iphoneos;
				TARGETED_DEVICE_FAMILY = "1,2";
				VALIDATE_PRODUCT = YES;
			};
			name = Release;
		};
		EABF9BBA19A4ECF60069855B /* Debug */ = {
			isa = XCBuildConfiguration;
			baseConfigurationReference = 6A5AE96C8A0E4996AD7B28AD /* Pods.xcconfig */;
			buildSettings = {
				ASSETCATALOG_COMPILER_APPICON_NAME = AppIcon;
				ASSETCATALOG_COMPILER_LAUNCHIMAGE_NAME = LaunchImage;
				GCC_PRECOMPILE_PREFIX_HEADER = YES;
				GCC_PREFIX_HEADER = "MJRemoteNSLog/MJRemoteNSLog-Prefix.pch";
				INFOPLIST_FILE = "MJRemoteNSLog/MJRemoteNSLog-Info.plist";
				PRODUCT_NAME = "$(TARGET_NAME)";
				WRAPPER_EXTENSION = app;
			};
			name = Debug;
		};
		EABF9BBB19A4ECF60069855B /* Release */ = {
			isa = XCBuildConfiguration;
			baseConfigurationReference = 6A5AE96C8A0E4996AD7B28AD /* Pods.xcconfig */;
			buildSettings = {
				ASSETCATALOG_COMPILER_APPICON_NAME = AppIcon;
				ASSETCATALOG_COMPILER_LAUNCHIMAGE_NAME = LaunchImage;
				GCC_PRECOMPILE_PREFIX_HEADER = YES;
				GCC_PREFIX_HEADER = "MJRemoteNSLog/MJRemoteNSLog-Prefix.pch";
				INFOPLIST_FILE = "MJRemoteNSLog/MJRemoteNSLog-Info.plist";
				PRODUCT_NAME = "$(TARGET_NAME)";
				WRAPPER_EXTENSION = app;
			};
			name = Release;
		};
/* End XCBuildConfiguration section */

/* Begin XCConfigurationList section */
		EABF9B7F19A4ECF50069855B /* Build configuration list for PBXProject "MJRemoteNSLog" */ = {
			isa = XCConfigurationList;
			buildConfigurations = (
				EABF9BB719A4ECF60069855B /* Debug */,
				EABF9BB819A4ECF60069855B /* Release */,
			);
			defaultConfigurationIsVisible = 0;
			defaultConfigurationName = Release;
		};
		EABF9BB919A4ECF60069855B /* Build configuration list for PBXNativeTarget "MJRemoteNSLog" */ = {
			isa = XCConfigurationList;
			buildConfigurations = (
				EABF9BBA19A4ECF60069855B /* Debug */,
				EABF9BBB19A4ECF60069855B /* Release */,
			);
			defaultConfigurationIsVisible = 0;
			defaultConfigurationName = Release;
		};
/* End XCConfigurationList section */
	};
	rootObject = EABF9B7C19A4ECF50069855B /* Project object */;
}
